
Microsoft Visual Studio Solution File, Format Version 12.00
# Visual Studio Version 17
VisualStudioVersion = 17.4.33213.308
MinimumVisualStudioVersion = 10.0.40219.1
Project("{FAE04EC0-301F-11D3-BF4B-00C04F79EFBC}") = "MegapatchII-SCP-Regen-Exiled", "MegapatchII-SCP-Regen-Exiled\MegapatchII-SCP-Regen-Exiled.csproj", "{C990B34C-6C71-4765-86EC-F6BF177F8269}"
EndProject
Global
	GlobalSection(SolutionConfigurationPlatforms) = preSolution
		Debug|Any CPU = Debug|Any CPU
		Release|Any CPU = Release|Any CPU
	EndGlobalSection
	GlobalSection(ProjectConfigurationPlatforms) = postSolution
		{C990B34C-6C71-4765-86EC-F6BF177F8269}.Debug|Any CPU.ActiveCfg = Debug|Any CPU
		{C990B34C-6C71-4765-86EC-F6BF177F8269}.Debug|Any CPU.Build.0 = Debug|Any CPU
		{C990B34C-6C71-4765-86EC-F6BF177F8269}.Release|Any CPU.ActiveCfg = Release|Any CPU
		{C990B34C-6C71-4765-86EC-F6BF177F8269}.Release|Any CPU.Build.0 = Release|Any CPU
	EndGlobalSection
	GlobalSection(SolutionProperties) = preSolution
		HideSolutionNode = FALSE
	EndGlobalSection
	GlobalSection(ExtensibilityGlobals) = postSolution
		SolutionGuid = {DFEE1778-B8AF-48BF-B35A-E91EBDC66E06}
	EndGlobalSection
EndGlobal
